PODS:
  - boost (1.76.0)
  - boost-for-react-native (1.63.0)
  - CocoaAsyncSocket (7.6.5)
  - DoubleConversion (1.1.6)
  - FBLazyVector (0.66.70)
  - FBReactNativeSpec (0.66.70):
    - RCT-Folly (= 2021.06.28.00-v2)
    - RCTRequired (= 0.66.70)
    - RCTTypeSafety (= 0.66.70)
    - React-Core (= 0.66.70)
    - React-jsi (= 0.66.70)
    - ReactCommon/turbomodule/core (= 0.66.70)
  - Flipper (0.99.0):
    - Flipper-Folly (~> 2.6)
    - Flipper-RSocket (~> 1.4)
  - Flipper-Boost-iOSX (1.76.0.1.11)
  - Flipper-DoubleConversion (3.1.7)
  - Flipper-Fmt (7.1.7)
  - Flipper-Folly (2.6.7):
    - Flipper-Boost-iOSX
    - Flipper-DoubleConversion
    - Flipper-Fmt (= 7.1.7)
    - Flipper-Glog
    - libevent (~> 2.1.12)
    - OpenSSL-Universal (= 1.1.180)
  - Flipper-Glog (0.3.6)
  - Flipper-PeerTalk (0.0.4)
  - Flipper-RSocket (1.4.3):
    - Flipper-Folly (~> 2.6)
  - FlipperKit (0.99.0):
    - FlipperKit/Core (= 0.99.0)
  - FlipperKit/Core (0.99.0):
    - Flipper (~> 0.99.0)
    - FlipperKit/CppBridge
    - FlipperKit/FBCxxFollyDynamicConvert
    - FlipperKit/FBDefines
    - FlipperKit/FKPortForwarding
  - FlipperKit/CppBridge (0.99.0):
    - Flipper (~> 0.99.0)
  - FlipperKit/FBCxxFollyDynamicConvert (0.99.0):
    - Flipper-Folly (~> 2.6)
  - FlipperKit/FBDefines (0.99.0)
  - FlipperKit/FKPortForwarding (0.99.0):
    - CocoaAsyncSocket (~> 7.6)
    - Flipper-PeerTalk (~> 0.0.4)
  - FlipperKit/FlipperKitHighlightOverlay (0.99.0)
  - FlipperKit/FlipperKitLayoutHelpers (0.99.0):
    - FlipperKit/Core
    - FlipperKit/FlipperKitHighlightOverlay
    - FlipperKit/FlipperKitLayoutTextSearchable
  - FlipperKit/FlipperKitLayoutIOSDescriptors (0.99.0):
    - FlipperKit/Core
    - FlipperKit/FlipperKitHighlightOverlay
    - FlipperKit/FlipperKitLayoutHelpers
    - YogaKit (~> 1.18)
  - FlipperKit/FlipperKitLayoutPlugin (0.99.0):
    - FlipperKit/Core
    - FlipperKit/FlipperKitHighlightOverlay
    - FlipperKit/FlipperKitLayoutHelpers
    - FlipperKit/FlipperKitLayoutIOSDescriptors
    - FlipperKit/FlipperKitLayoutTextSearchable
    - YogaKit (~> 1.18)
  - FlipperKit/FlipperKitLayoutTextSearchable (0.99.0)
  - FlipperKit/FlipperKitNetworkPlugin (0.99.0):
    - FlipperKit/Core
  - FlipperKit/FlipperKitReactPlugin (0.99.0):
    - FlipperKit/Core
  - FlipperKit/FlipperKitUserDefaultsPlugin (0.99.0):
    - FlipperKit/Core
  - FlipperKit/SKIOSNetworkPlugin (0.99.0):
    - FlipperKit/Core
    - FlipperKit/FlipperKitNetworkPlugin
  - fmt (6.2.1)
  - glog (0.3.5)
  - libevent (2.1.12)
  - OpenSSL-Universal (1.1.180)
  - RCT-Folly (2021.06.28.00-v2):
    - boost
    - DoubleConversion
    - fmt (~> 6.2.1)
    - glog
    - RCT-Folly/Default (= 2021.06.28.00-v2)
  - RCT-Folly/Default (2021.06.28.00-v2):
    - boost
    - DoubleConversion
    - fmt (~> 6.2.1)
    - glog
  - RCTRequired (0.66.70)
  - RCTTypeSafety (0.66.70):
    - FBLazyVector (= 0.66.70)
    - RCT-Folly (= 2021.06.28.00-v2)
    - RCTRequired (= 0.66.70)
    - React-Core (= 0.66.70)
  - React (0.66.70):
    - React-Core (= 0.66.70)
    - React-Core/DevSupport (= 0.66.70)
    - React-Core/RCTWebSocket (= 0.66.70)
    - React-RCTActionSheet (= 0.66.70)
    - React-RCTAnimation (= 0.66.70)
    - React-RCTBlob (= 0.66.70)
    - React-RCTImage (= 0.66.70)
    - React-RCTLinking (= 0.66.70)
    - React-RCTNetwork (= 0.66.70)
    - React-RCTSettings (= 0.66.70)
    - React-RCTText (= 0.66.70)
    - React-RCTVibration (= 0.66.70)
  - React-callinvoker (0.66.70)
  - React-Core (0.66.70):
    - glog
    - RCT-Folly (= 2021.06.28.00-v2)
    - React-Core/Default (= 0.66.70)
    - React-cxxreact (= 0.66.70)
    - React-jsi (= 0.66.70)
    - React-jsiexecutor (= 0.66.70)
    - React-perflogger (= 0.66.70)
    - Yoga
  - React-Core/CoreModulesHeaders (0.66.70):
    - glog
    - RCT-Folly (= 2021.06.28.00-v2)
    - React-Core/Default
    - React-cxxreact (= 0.66.70)
    - React-jsi (= 0.66.70)
    - React-jsiexecutor (= 0.66.70)
    - React-perflogger (= 0.66.70)
    - Yoga
  - React-Core/Default (0.66.70):
    - glog
    - RCT-Folly (= 2021.06.28.00-v2)
    - React-cxxreact (= 0.66.70)
    - React-jsi (= 0.66.70)
    - React-jsiexecutor (= 0.66.70)
    - React-perflogger (= 0.66.70)
    - Yoga
  - React-Core/DevSupport (0.66.70):
    - glog
    - RCT-Folly (= 2021.06.28.00-v2)
    - React-Core/Default (= 0.66.70)
    - React-Core/RCTWebSocket (= 0.66.70)
    - React-cxxreact (= 0.66.70)
    - React-jsi (= 0.66.70)
    - React-jsiexecutor (= 0.66.70)
    - React-jsinspector (= 0.66.70)
    - React-perflogger (= 0.66.70)
    - Yoga
  - React-Core/RCTActionSheetHeaders (0.66.70):
    - glog
    - RCT-Folly (= 2021.06.28.00-v2)
    - React-Core/Default
    - React-cxxreact (= 0.66.70)
    - React-jsi (= 0.66.70)
    - React-jsiexecutor (= 0.66.70)
    - React-perflogger (= 0.66.70)
    - Yoga
  - React-Core/RCTAnimationHeaders (0.66.70):
    - glog
    - RCT-Folly (= 2021.06.28.00-v2)
    - React-Core/Default
    - React-cxxreact (= 0.66.70)
    - React-jsi (= 0.66.70)
    - React-jsiexecutor (= 0.66.70)
    - React-perflogger (= 0.66.70)
    - Yoga
  - React-Core/RCTBlobHeaders (0.66.70):
    - glog
    - RCT-Folly (= 2021.06.28.00-v2)
    - React-Core/Default
    - React-cxxreact (= 0.66.70)
    - React-jsi (= 0.66.70)
    - React-jsiexecutor (= 0.66.70)
    - React-perflogger (= 0.66.70)
    - Yoga
  - React-Core/RCTImageHeaders (0.66.70):
    - glog
    - RCT-Folly (= 2021.06.28.00-v2)
    - React-Core/Default
    - React-cxxreact (= 0.66.70)
    - React-jsi (= 0.66.70)
    - React-jsiexecutor (= 0.66.70)
    - React-perflogger (= 0.66.70)
    - Yoga
  - React-Core/RCTLinkingHeaders (0.66.70):
    - glog
    - RCT-Folly (= 2021.06.28.00-v2)
    - React-Core/Default
    - React-cxxreact (= 0.66.70)
    - React-jsi (= 0.66.70)
    - React-jsiexecutor (= 0.66.70)
    - React-perflogger (= 0.66.70)
    - Yoga
  - React-Core/RCTNetworkHeaders (0.66.70):
    - glog
    - RCT-Folly (= 2021.06.28.00-v2)
    - React-Core/Default
    - React-cxxreact (= 0.66.70)
    - React-jsi (= 0.66.70)
    - React-jsiexecutor (= 0.66.70)
    - React-perflogger (= 0.66.70)
    - Yoga
  - React-Core/RCTSettingsHeaders (0.66.70):
    - glog
    - RCT-Folly (= 2021.06.28.00-v2)
    - React-Core/Default
    - React-cxxreact (= 0.66.70)
    - React-jsi (= 0.66.70)
    - React-jsiexecutor (= 0.66.70)
    - React-perflogger (= 0.66.70)
    - Yoga
  - React-Core/RCTTextHeaders (0.66.70):
    - glog
    - RCT-Folly (= 2021.06.28.00-v2)
    - React-Core/Default
    - React-cxxreact (= 0.66.70)
    - React-jsi (= 0.66.70)
    - React-jsiexecutor (= 0.66.70)
    - React-perflogger (= 0.66.70)
    - Yoga
  - React-Core/RCTVibrationHeaders (0.66.70):
    - glog
    - RCT-Folly (= 2021.06.28.00-v2)
    - React-Core/Default
    - React-cxxreact (= 0.66.70)
    - React-jsi (= 0.66.70)
    - React-jsiexecutor (= 0.66.70)
    - React-perflogger (= 0.66.70)
    - Yoga
  - React-Core/RCTWebSocket (0.66.70):
    - glog
    - RCT-Folly (= 2021.06.28.00-v2)
    - React-Core/Default (= 0.66.70)
    - React-cxxreact (= 0.66.70)
    - React-jsi (= 0.66.70)
    - React-jsiexecutor (= 0.66.70)
    - React-perflogger (= 0.66.70)
    - Yoga
  - React-CoreModules (0.66.70):
    - FBReactNativeSpec (= 0.66.70)
    - RCT-Folly (= 2021.06.28.00-v2)
    - RCTTypeSafety (= 0.66.70)
    - React-Core/CoreModulesHeaders (= 0.66.70)
    - React-jsi (= 0.66.70)
    - React-RCTImage (= 0.66.70)
    - ReactCommon/turbomodule/core (= 0.66.70)
  - React-cxxreact (0.66.70):
    - boost (= 1.76.0)
    - DoubleConversion
    - glog
    - RCT-Folly (= 2021.06.28.00-v2)
    - React-callinvoker (= 0.66.70)
    - React-jsi (= 0.66.70)
    - React-jsinspector (= 0.66.70)
    - React-logger (= 0.66.70)
    - React-perflogger (= 0.66.70)
    - React-runtimeexecutor (= 0.66.70)
  - React-jsi (0.66.70):
    - boost (= 1.76.0)
    - DoubleConversion
    - glog
    - RCT-Folly (= 2021.06.28.00-v2)
    - React-jsi/Default (= 0.66.70)
  - React-jsi/Default (0.66.70):
    - boost (= 1.76.0)
    - DoubleConversion
    - glog
    - RCT-Folly (= 2021.06.28.00-v2)
  - React-jsiexecutor (0.66.70):
    - DoubleConversion
    - glog
    - RCT-Folly (= 2021.06.28.00-v2)
    - React-cxxreact (= 0.66.70)
    - React-jsi (= 0.66.70)
    - React-perflogger (= 0.66.70)
  - React-jsinspector (0.66.70)
  - React-logger (0.66.70):
    - glog
  - React-perflogger (0.66.70)
  - React-RCTActionSheet (0.66.70):
    - React-Core/RCTActionSheetHeaders (= 0.66.70)
  - React-RCTAnimation (0.66.70):
    - FBReactNativeSpec (= 0.66.70)
    - RCT-Folly (= 2021.06.28.00-v2)
    - RCTTypeSafety (= 0.66.70)
    - React-Core/RCTAnimationHeaders (= 0.66.70)
    - React-jsi (= 0.66.70)
    - ReactCommon/turbomodule/core (= 0.66.70)
  - React-RCTBlob (0.66.70):
    - FBReactNativeSpec (= 0.66.70)
    - RCT-Folly (= 2021.06.28.00-v2)
    - React-Core/RCTBlobHeaders (= 0.66.70)
    - React-Core/RCTWebSocket (= 0.66.70)
    - React-jsi (= 0.66.70)
    - React-RCTNetwork (= 0.66.70)
    - ReactCommon/turbomodule/core (= 0.66.70)
  - React-RCTImage (0.66.70):
    - FBReactNativeSpec (= 0.66.70)
    - RCT-Folly (= 2021.06.28.00-v2)
    - RCTTypeSafety (= 0.66.70)
    - React-Core/RCTImageHeaders (= 0.66.70)
    - React-jsi (= 0.66.70)
    - React-RCTNetwork (= 0.66.70)
    - ReactCommon/turbomodule/core (= 0.66.70)
  - React-RCTLinking (0.66.70):
    - FBReactNativeSpec (= 0.66.70)
    - React-Core/RCTLinkingHeaders (= 0.66.70)
    - React-jsi (= 0.66.70)
    - ReactCommon/turbomodule/core (= 0.66.70)
  - React-RCTNetwork (0.66.70):
    - FBReactNativeSpec (= 0.66.70)
    - RCT-Folly (= 2021.06.28.00-v2)
    - RCTTypeSafety (= 0.66.70)
    - React-Core/RCTNetworkHeaders (= 0.66.70)
    - React-jsi (= 0.66.70)
    - ReactCommon/turbomodule/core (= 0.66.70)
  - React-RCTSettings (0.66.70):
    - FBReactNativeSpec (= 0.66.70)
    - RCT-Folly (= 2021.06.28.00-v2)
    - RCTTypeSafety (= 0.66.70)
    - React-Core/RCTSettingsHeaders (= 0.66.70)
    - React-jsi (= 0.66.70)
    - ReactCommon/turbomodule/core (= 0.66.70)
  - React-RCTText (0.66.70):
    - React-Core/RCTTextHeaders (= 0.66.70)
  - React-RCTVibration (0.66.70):
    - FBReactNativeSpec (= 0.66.70)
    - RCT-Folly (= 2021.06.28.00-v2)
    - React-Core/RCTVibrationHeaders (= 0.66.70)
    - React-jsi (= 0.66.70)
    - ReactCommon/turbomodule/core (= 0.66.70)
  - React-runtimeexecutor (0.66.70):
    - React-jsi (= 0.66.70)
  - ReactCommon/turbomodule/core (0.66.70):
    - DoubleConversion
    - glog
    - RCT-Folly (= 2021.06.28.00-v2)
    - React-callinvoker (= 0.66.70)
    - React-Core (= 0.66.70)
    - React-cxxreact (= 0.66.70)
    - React-jsi (= 0.66.70)
    - React-logger (= 0.66.70)
    - React-perflogger (= 0.66.70)
  - RNSVG (12.4.4):
    - React-Core
  - Yoga (1.14.0)
  - YogaKit (1.18.1):
    - Yoga (~> 1.14)

DEPENDENCIES:
  - boost (from `../node_modules/react-native-macos/third-party-podspecs/boost.podspec`)
  - boost-for-react-native (from `../node_modules/react-native-macos/third-party-podspecs/boost-for-react-native.podspec`)
  - DoubleConversion (from `../node_modules/react-native-macos/third-party-podspecs/DoubleConversion.podspec`)
  - FBLazyVector (from `../node_modules/react-native-macos/Libraries/FBLazyVector`)
  - FBReactNativeSpec (from `../node_modules/react-native-macos/React/FBReactNativeSpec`)
  - Flipper (= 0.99.0)
  - Flipper-Boost-iOSX (= 1.76.0.1.11)
  - Flipper-DoubleConversion (= 3.1.7)
  - Flipper-Fmt (= 7.1.7)
  - Flipper-Folly (= 2.6.7)
  - Flipper-Glog (= 0.3.6)
  - Flipper-PeerTalk (= 0.0.4)
  - Flipper-RSocket (= 1.4.3)
  - FlipperKit (= 0.99.0)
  - FlipperKit/Core (= 0.99.0)
  - FlipperKit/CppBridge (= 0.99.0)
  - FlipperKit/FBCxxFollyDynamicConvert (= 0.99.0)
  - FlipperKit/FBDefines (= 0.99.0)
  - FlipperKit/FKPortForwarding (= 0.99.0)
  - FlipperKit/FlipperKitHighlightOverlay (= 0.99.0)
  - FlipperKit/FlipperKitLayoutPlugin (= 0.99.0)
  - FlipperKit/FlipperKitLayoutTextSearchable (= 0.99.0)
  - FlipperKit/FlipperKitNetworkPlugin (= 0.99.0)
  - FlipperKit/FlipperKitReactPlugin (= 0.99.0)
  - FlipperKit/FlipperKitUserDefaultsPlugin (= 0.99.0)
  - FlipperKit/SKIOSNetworkPlugin (= 0.99.0)
  - glog (from `../node_modules/react-native-macos/third-party-podspecs/glog.podspec`)
  - RCT-Folly (from `../node_modules/react-native-macos/third-party-podspecs/RCT-Folly.podspec`)
  - RCTRequired (from `../node_modules/react-native-macos/Libraries/RCTRequired`)
  - RCTTypeSafety (from `../node_modules/react-native-macos/Libraries/TypeSafety`)
  - React (from `../node_modules/react-native-macos/`)
  - React-callinvoker (from `../node_modules/react-native-macos/ReactCommon/callinvoker`)
  - React-Core (from `../node_modules/react-native-macos/`)
  - React-Core/DevSupport (from `../node_modules/react-native-macos/`)
  - React-Core/RCTWebSocket (from `../node_modules/react-native-macos/`)
  - React-CoreModules (from `../node_modules/react-native-macos/React/CoreModules`)
  - React-cxxreact (from `../node_modules/react-native-macos/ReactCommon/cxxreact`)
  - React-jsi (from `../node_modules/react-native-macos/ReactCommon/jsi`)
  - React-jsiexecutor (from `../node_modules/react-native-macos/ReactCommon/jsiexecutor`)
  - React-jsinspector (from `../node_modules/react-native-macos/ReactCommon/jsinspector`)
  - React-logger (from `../node_modules/react-native-macos/ReactCommon/logger`)
  - React-perflogger (from `../node_modules/react-native-macos/ReactCommon/reactperflogger`)
  - React-RCTActionSheet (from `../node_modules/react-native-macos/Libraries/ActionSheetIOS`)
  - React-RCTAnimation (from `../node_modules/react-native-macos/Libraries/NativeAnimation`)
  - React-RCTBlob (from `../node_modules/react-native-macos/Libraries/Blob`)
  - React-RCTImage (from `../node_modules/react-native-macos/Libraries/Image`)
  - React-RCTLinking (from `../node_modules/react-native-macos/Libraries/LinkingIOS`)
  - React-RCTNetwork (from `../node_modules/react-native-macos/Libraries/Network`)
  - React-RCTSettings (from `../node_modules/react-native-macos/Libraries/Settings`)
  - React-RCTText (from `../node_modules/react-native-macos/Libraries/Text`)
  - React-RCTVibration (from `../node_modules/react-native-macos/Libraries/Vibration`)
  - React-runtimeexecutor (from `../node_modules/react-native-macos/ReactCommon/runtimeexecutor`)
  - ReactCommon/turbomodule/core (from `../node_modules/react-native-macos/ReactCommon`)
  - RNSVG (from `../..`)
  - Yoga (from `../node_modules/react-native-macos/ReactCommon/yoga`)

SPEC REPOS:
  trunk:
    - CocoaAsyncSocket
    - Flipper
    - Flipper-Boost-iOSX
    - Flipper-DoubleConversion
    - Flipper-Fmt
    - Flipper-Folly
    - Flipper-Glog
    - Flipper-PeerTalk
    - Flipper-RSocket
    - FlipperKit
    - fmt
    - libevent
    - OpenSSL-Universal
    - YogaKit

EXTERNAL SOURCES:
  boost:
    :podspec: "../node_modules/react-native-macos/third-party-podspecs/boost.podspec"
  boost-for-react-native:
    :podspec: "../node_modules/react-native-macos/third-party-podspecs/boost-for-react-native.podspec"
  DoubleConversion:
    :podspec: "../node_modules/react-native-macos/third-party-podspecs/DoubleConversion.podspec"
  FBLazyVector:
    :path: "../node_modules/react-native-macos/Libraries/FBLazyVector"
  FBReactNativeSpec:
    :path: "../node_modules/react-native-macos/React/FBReactNativeSpec"
  glog:
    :podspec: "../node_modules/react-native-macos/third-party-podspecs/glog.podspec"
  RCT-Folly:
    :podspec: "../node_modules/react-native-macos/third-party-podspecs/RCT-Folly.podspec"
  RCTRequired:
    :path: "../node_modules/react-native-macos/Libraries/RCTRequired"
  RCTTypeSafety:
    :path: "../node_modules/react-native-macos/Libraries/TypeSafety"
  React:
    :path: "../node_modules/react-native-macos/"
  React-callinvoker:
    :path: "../node_modules/react-native-macos/ReactCommon/callinvoker"
  React-Core:
    :path: "../node_modules/react-native-macos/"
  React-CoreModules:
    :path: "../node_modules/react-native-macos/React/CoreModules"
  React-cxxreact:
    :path: "../node_modules/react-native-macos/ReactCommon/cxxreact"
  React-jsi:
    :path: "../node_modules/react-native-macos/ReactCommon/jsi"
  React-jsiexecutor:
    :path: "../node_modules/react-native-macos/ReactCommon/jsiexecutor"
  React-jsinspector:
    :path: "../node_modules/react-native-macos/ReactCommon/jsinspector"
  React-logger:
    :path: "../node_modules/react-native-macos/ReactCommon/logger"
  React-perflogger:
    :path: "../node_modules/react-native-macos/ReactCommon/reactperflogger"
  React-RCTActionSheet:
    :path: "../node_modules/react-native-macos/Libraries/ActionSheetIOS"
  React-RCTAnimation:
    :path: "../node_modules/react-native-macos/Libraries/NativeAnimation"
  React-RCTBlob:
    :path: "../node_modules/react-native-macos/Libraries/Blob"
  React-RCTImage:
    :path: "../node_modules/react-native-macos/Libraries/Image"
  React-RCTLinking:
    :path: "../node_modules/react-native-macos/Libraries/LinkingIOS"
  React-RCTNetwork:
    :path: "../node_modules/react-native-macos/Libraries/Network"
  React-RCTSettings:
    :path: "../node_modules/react-native-macos/Libraries/Settings"
  React-RCTText:
    :path: "../node_modules/react-native-macos/Libraries/Text"
  React-RCTVibration:
    :path: "../node_modules/react-native-macos/Libraries/Vibration"
  React-runtimeexecutor:
    :path: "../node_modules/react-native-macos/ReactCommon/runtimeexecutor"
  ReactCommon:
    :path: "../node_modules/react-native-macos/ReactCommon"
  RNSVG:
    :path: "../.."
  Yoga:
    :path: "../node_modules/react-native-macos/ReactCommon/yoga"

SPEC CHECKSUMS:
  boost: 613e39eac4239cc72b15421247b5ab05361266a2
  boost-for-react-native: 8f7c9ecfe357664c072ffbe2432569667cbf1f1b
  CocoaAsyncSocket: 065fd1e645c7abab64f7a6a2007a48038fdc6a99
  DoubleConversion: ed15e075aa758ac0e4c1f8b830bd4e4d40d669e8
  FBLazyVector: cee53eb66346351dba1512f7d422b57fcc2fd2ce
  FBReactNativeSpec: d75b765dd9455039dd6c6dd87611634662c5cc8a
  Flipper: 30e8eeeed6abdc98edaf32af0cda2f198be4b733
  Flipper-Boost-iOSX: fd1e2b8cbef7e662a122412d7ac5f5bea715403c
  Flipper-DoubleConversion: 57ffbe81ef95306cc9e69c4aa3aeeeeb58a6a28c
  Flipper-Fmt: 60cbdd92fc254826e61d669a5d87ef7015396a9b
  Flipper-Folly: 83af37379faa69497529e414bd43fbfc7cae259a
  Flipper-Glog: 1dfd6abf1e922806c52ceb8701a3599a79a200a6
  Flipper-PeerTalk: 116d8f857dc6ef55c7a5a75ea3ceaafe878aadc9
  Flipper-RSocket: d9d9ade67cbecf6ac10730304bf5607266dd2541
  FlipperKit: d8d346844eca5d9120c17d441a2f38596e8ed2b9
  fmt: ff9d55029c625d3757ed641535fd4a75fedc7ce9
  glog: 42c4bf47024808486e90b25ea9e5ac3959047641
  libevent: 4049cae6c81cdb3654a443be001fb9bdceff7913
  OpenSSL-Universal: 1aa4f6a6ee7256b83db99ec1ccdaa80d10f9af9b
  RCT-Folly: 43adc9ce880eb76792f88c011773cb5c664c1419
  RCTRequired: aa2485007164faa9b69990ada5694a27cdb63dcb
  RCTTypeSafety: 302e2f89ce3ac073e0ad632bc95204b232fd53a5
  React: eca5012151553177c6d74536729fbcd39cc7f25f
  React-callinvoker: 549e3ad29cfe3d7c20a2f79e2bfafe52db75d7bc
  React-Core: b4b696fd638e5cdf86252a4555abb09d91905887
  React-CoreModules: 913a57b403ba3f35ebeffbaed53fd122a5ddf244
  React-cxxreact: 5cc8799782d9111f5c641cfa1089c194527951ed
  React-jsi: 389b27ae65c85b489619cc7e8878a8cc2ddba4ff
  React-jsiexecutor: 78faeb5bcd4a1c106f2ddbe4340be9b6c77a2559
  React-jsinspector: fee7281ba3f217772ac9d8f9134d49d569ccadc5
  React-logger: 115750dfe8743ca0401b22be8ba5a29eac012cdd
  React-perflogger: ad9cbcea0d7a65955f71acdfc34a95d5857c79cb
  React-RCTActionSheet: dc98ff9118be5243764407465d54c0e2c368ec28
  React-RCTAnimation: c700a0dcb32ea286ee7ffafc0d452390cbfc98b6
  React-RCTBlob: ffe0316993009f5f47721d71ade95fbdeaf98c9c
  React-RCTImage: 1ae5a229a6e9cb8447dcece0c6dc4c6bf5b73aae
  React-RCTLinking: 3a81efe8c23e75a127118020d6ab5e7b02a43373
  React-RCTNetwork: eaa419c8bd88b2d9aaa9aad519af4e245bd7af94
  React-RCTSettings: a74b86e74d0d40d14374a4b81cd916155df02b4e
  React-RCTText: 3dac0a1f533f47bf437c563faf4b54fe441bdab4
  React-RCTVibration: 9c247016e4a93cfaa32c720b66cc32ac7706a38f
  React-runtimeexecutor: 49f8ec00998456d9f24e76050252accfde237bbc
  ReactCommon: d7a9aeabf03769510af4e38e51341df7811b9535
  RNSVG: ce63dc0dfa033974c70812171a76a5973db7c64a
  Yoga: 0f7335fe2480ff375c653f44a94d58831b2bb3dc
  YogaKit: f782866e155069a2cca2517aafea43200b01fd5a

PODFILE CHECKSUM: 3977aa53ea9660368db33335fc1e16c0a720ca09

COCOAPODS: 1.11.3
