PODS:
  - boost (1.76.0)
  - DoubleConversion (1.1.6)
  - FBLazyVector (0.71.33)
  - FBReactNativeSpec (0.71.33):
    - RCT-Folly (= 2021.07.22.00)
    - RCTRequired (= 0.71.33)
    - RCTTypeSafety (= 0.71.33)
    - React-Core (= 0.71.33)
    - React-jsi (= 0.71.33)
    - ReactCommon/turbomodule/core (= 0.71.33)
  - fmt (6.2.1)
  - glog (0.3.5)
  - RCT-Folly (2021.07.22.00):
    - boost
    - DoubleConversion
    - fmt (~> 6.2.1)
    - glog
    - RCT-Folly/Default (= 2021.07.22.00)
  - RCT-Folly/Default (2021.07.22.00):
    - boost
    - DoubleConversion
    - fmt (~> 6.2.1)
    - glog
  - RCTRequired (0.71.33)
  - RCTTypeSafety (0.71.33):
    - FBLazyVector (= 0.71.33)
    - RCTRequired (= 0.71.33)
    - React-Core (= 0.71.33)
  - React (0.71.33):
    - React-Core (= 0.71.33)
    - React-Core/DevSupport (= 0.71.33)
    - React-Core/RCTWebSocket (= 0.71.33)
    - React-RCTActionSheet (= 0.71.33)
    - React-RCTAnimation (= 0.71.33)
    - React-RCTBlob (= 0.71.33)
    - React-RCTImage (= 0.71.33)
    - React-RCTLinking (= 0.71.33)
    - React-RCTNetwork (= 0.71.33)
    - React-RCTSettings (= 0.71.33)
    - React-RCTText (= 0.71.33)
    - React-RCTVibration (= 0.71.33)
  - React-callinvoker (0.71.33)
  - React-Codegen (0.71.33):
    - FBReactNativeSpec
    - RCT-Folly
    - RCTRequired
    - RCTTypeSafety
    - React-Core
    - React-jsc
    - React-jsi
    - React-jsiexecutor
    - ReactCommon/turbomodule/bridging
    - ReactCommon/turbomodule/core
  - React-Core (0.71.33):
    - glog
    - RCT-Folly (= 2021.07.22.00)
    - React-Core/Default (= 0.71.33)
    - React-cxxreact (= 0.71.33)
    - React-jsc
    - React-jsi (= 0.71.33)
    - React-jsiexecutor (= 0.71.33)
    - React-perflogger (= 0.71.33)
    - SocketRocket (= 0.7.0)
    - Yoga
  - React-Core/CoreModulesHeaders (0.71.33):
    - glog
    - RCT-Folly (= 2021.07.22.00)
    - React-Core/Default
    - React-cxxreact (= 0.71.33)
    - React-jsc
    - React-jsi (= 0.71.33)
    - React-jsiexecutor (= 0.71.33)
    - React-perflogger (= 0.71.33)
    - SocketRocket (= 0.7.0)
    - Yoga
  - React-Core/Default (0.71.33):
    - glog
    - RCT-Folly (= 2021.07.22.00)
    - React-cxxreact (= 0.71.33)
    - React-jsc
    - React-jsi (= 0.71.33)
    - React-jsiexecutor (= 0.71.33)
    - React-perflogger (= 0.71.33)
    - SocketRocket (= 0.7.0)
    - Yoga
  - React-Core/DevSupport (0.71.33):
    - glog
    - RCT-Folly (= 2021.07.22.00)
    - React-Core/Default (= 0.71.33)
    - React-Core/RCTWebSocket (= 0.71.33)
    - React-cxxreact (= 0.71.33)
    - React-jsc
    - React-jsi (= 0.71.33)
    - React-jsiexecutor (= 0.71.33)
    - React-jsinspector (= 0.71.33)
    - React-perflogger (= 0.71.33)
    - SocketRocket (= 0.7.0)
    - Yoga
  - React-Core/RCTActionSheetHeaders (0.71.33):
    - glog
    - RCT-Folly (= 2021.07.22.00)
    - React-Core/Default
    - React-cxxreact (= 0.71.33)
    - React-jsc
    - React-jsi (= 0.71.33)
    - React-jsiexecutor (= 0.71.33)
    - React-perflogger (= 0.71.33)
    - SocketRocket (= 0.7.0)
    - Yoga
  - React-Core/RCTAnimationHeaders (0.71.33):
    - glog
    - RCT-Folly (= 2021.07.22.00)
    - React-Core/Default
    - React-cxxreact (= 0.71.33)
    - React-jsc
    - React-jsi (= 0.71.33)
    - React-jsiexecutor (= 0.71.33)
    - React-perflogger (= 0.71.33)
    - SocketRocket (= 0.7.0)
    - Yoga
  - React-Core/RCTBlobHeaders (0.71.33):
    - glog
    - RCT-Folly (= 2021.07.22.00)
    - React-Core/Default
    - React-cxxreact (= 0.71.33)
    - React-jsc
    - React-jsi (= 0.71.33)
    - React-jsiexecutor (= 0.71.33)
    - React-perflogger (= 0.71.33)
    - SocketRocket (= 0.7.0)
    - Yoga
  - React-Core/RCTImageHeaders (0.71.33):
    - glog
    - RCT-Folly (= 2021.07.22.00)
    - React-Core/Default
    - React-cxxreact (= 0.71.33)
    - React-jsc
    - React-jsi (= 0.71.33)
    - React-jsiexecutor (= 0.71.33)
    - React-perflogger (= 0.71.33)
    - SocketRocket (= 0.7.0)
    - Yoga
  - React-Core/RCTLinkingHeaders (0.71.33):
    - glog
    - RCT-Folly (= 2021.07.22.00)
    - React-Core/Default
    - React-cxxreact (= 0.71.33)
    - React-jsc
    - React-jsi (= 0.71.33)
    - React-jsiexecutor (= 0.71.33)
    - React-perflogger (= 0.71.33)
    - SocketRocket (= 0.7.0)
    - Yoga
  - React-Core/RCTNetworkHeaders (0.71.33):
    - glog
    - RCT-Folly (= 2021.07.22.00)
    - React-Core/Default
    - React-cxxreact (= 0.71.33)
    - React-jsc
    - React-jsi (= 0.71.33)
    - React-jsiexecutor (= 0.71.33)
    - React-perflogger (= 0.71.33)
    - SocketRocket (= 0.7.0)
    - Yoga
  - React-Core/RCTSettingsHeaders (0.71.33):
    - glog
    - RCT-Folly (= 2021.07.22.00)
    - React-Core/Default
    - React-cxxreact (= 0.71.33)
    - React-jsc
    - React-jsi (= 0.71.33)
    - React-jsiexecutor (= 0.71.33)
    - React-perflogger (= 0.71.33)
    - SocketRocket (= 0.7.0)
    - Yoga
  - React-Core/RCTTextHeaders (0.71.33):
    - glog
    - RCT-Folly (= 2021.07.22.00)
    - React-Core/Default
    - React-cxxreact (= 0.71.33)
    - React-jsc
    - React-jsi (= 0.71.33)
    - React-jsiexecutor (= 0.71.33)
    - React-perflogger (= 0.71.33)
    - SocketRocket (= 0.7.0)
    - Yoga
  - React-Core/RCTVibrationHeaders (0.71.33):
    - glog
    - RCT-Folly (= 2021.07.22.00)
    - React-Core/Default
    - React-cxxreact (= 0.71.33)
    - React-jsc
    - React-jsi (= 0.71.33)
    - React-jsiexecutor (= 0.71.33)
    - React-perflogger (= 0.71.33)
    - SocketRocket (= 0.7.0)
    - Yoga
  - React-Core/RCTWebSocket (0.71.33):
    - glog
    - RCT-Folly (= 2021.07.22.00)
    - React-Core/Default (= 0.71.33)
    - React-cxxreact (= 0.71.33)
    - React-jsc
    - React-jsi (= 0.71.33)
    - React-jsiexecutor (= 0.71.33)
    - React-perflogger (= 0.71.33)
    - SocketRocket (= 0.7.0)
    - Yoga
  - React-CoreModules (0.71.33):
    - RCT-Folly (= 2021.07.22.00)
    - RCTTypeSafety (= 0.71.33)
    - React-Codegen (= 0.71.33)
    - React-Core/CoreModulesHeaders (= 0.71.33)
    - React-jsi (= 0.71.33)
    - React-RCTBlob
    - React-RCTImage (= 0.71.33)
    - ReactCommon/turbomodule/core (= 0.71.33)
    - SocketRocket (= 0.7.0)
  - React-cxxreact (0.71.33):
    - boost (= 1.76.0)
    - DoubleConversion
    - glog
    - RCT-Folly (= 2021.07.22.00)
    - React-callinvoker (= 0.71.33)
    - React-jsi (= 0.71.33)
    - React-jsinspector (= 0.71.33)
    - React-logger (= 0.71.33)
    - React-perflogger (= 0.71.33)
    - React-runtimeexecutor (= 0.71.33)
  - React-jsc (0.71.33):
    - React-jsc/Fabric (= 0.71.33)
    - React-jsi (= 0.71.33)
  - React-jsc/Fabric (0.71.33):
    - React-jsi (= 0.71.33)
  - React-jsi (0.71.33):
    - boost (= 1.76.0)
    - DoubleConversion
    - glog
    - RCT-Folly (= 2021.07.22.00)
  - React-jsiexecutor (0.71.33):
    - DoubleConversion
    - glog
    - RCT-Folly (= 2021.07.22.00)
    - React-cxxreact (= 0.71.33)
    - React-jsi (= 0.71.33)
    - React-perflogger (= 0.71.33)
  - React-jsinspector (0.71.33)
  - React-logger (0.71.33):
    - glog
  - React-perflogger (0.71.33)
  - React-RCTActionSheet (0.71.33):
    - React-Core/RCTActionSheetHeaders (= 0.71.33)
  - React-RCTAnimation (0.71.33):
    - RCT-Folly (= 2021.07.22.00)
    - RCTTypeSafety (= 0.71.33)
    - React-Codegen (= 0.71.33)
    - React-Core/RCTAnimationHeaders (= 0.71.33)
    - React-jsi (= 0.71.33)
    - ReactCommon/turbomodule/core (= 0.71.33)
  - React-RCTAppDelegate (0.71.33):
    - RCT-Folly
    - RCTRequired
    - RCTTypeSafety
    - React-Core
    - ReactCommon/turbomodule/core
  - React-RCTBlob (0.71.33):
    - RCT-Folly (= 2021.07.22.00)
    - React-Codegen (= 0.71.33)
    - React-Core/RCTBlobHeaders (= 0.71.33)
    - React-Core/RCTWebSocket (= 0.71.33)
    - React-jsi (= 0.71.33)
    - React-RCTNetwork (= 0.71.33)
    - ReactCommon/turbomodule/core (= 0.71.33)
  - React-RCTImage (0.71.33):
    - RCT-Folly (= 2021.07.22.00)
    - RCTTypeSafety (= 0.71.33)
    - React-Codegen (= 0.71.33)
    - React-Core/RCTImageHeaders (= 0.71.33)
    - React-jsi (= 0.71.33)
    - React-RCTNetwork (= 0.71.33)
    - ReactCommon/turbomodule/core (= 0.71.33)
  - React-RCTLinking (0.71.33):
    - React-Codegen (= 0.71.33)
    - React-Core/RCTLinkingHeaders (= 0.71.33)
    - React-jsi (= 0.71.33)
    - ReactCommon/turbomodule/core (= 0.71.33)
  - React-RCTNetwork (0.71.33):
    - RCT-Folly (= 2021.07.22.00)
    - RCTTypeSafety (= 0.71.33)
    - React-Codegen (= 0.71.33)
    - React-Core/RCTNetworkHeaders (= 0.71.33)
    - React-jsi (= 0.71.33)
    - ReactCommon/turbomodule/core (= 0.71.33)
  - React-RCTSettings (0.71.33):
    - RCT-Folly (= 2021.07.22.00)
    - RCTTypeSafety (= 0.71.33)
    - React-Codegen (= 0.71.33)
    - React-Core/RCTSettingsHeaders (= 0.71.33)
    - React-jsi (= 0.71.33)
    - ReactCommon/turbomodule/core (= 0.71.33)
  - React-RCTText (0.71.33):
    - React-Core/RCTTextHeaders (= 0.71.33)
  - React-RCTVibration (0.71.33):
    - RCT-Folly (= 2021.07.22.00)
    - React-Codegen (= 0.71.33)
    - React-Core/RCTVibrationHeaders (= 0.71.33)
    - React-jsi (= 0.71.33)
    - ReactCommon/turbomodule/core (= 0.71.33)
  - React-runtimeexecutor (0.71.33):
    - React-jsi (= 0.71.33)
  - ReactCommon/turbomodule/bridging (0.71.33):
    - DoubleConversion
    - glog
    - RCT-Folly (= 2021.07.22.00)
    - React-callinvoker (= 0.71.33)
    - React-Core (= 0.71.33)
    - React-cxxreact (= 0.71.33)
    - React-jsi (= 0.71.33)
    - React-logger (= 0.71.33)
    - React-perflogger (= 0.71.33)
  - ReactCommon/turbomodule/core (0.71.33):
    - DoubleConversion
    - glog
    - RCT-Folly (= 2021.07.22.00)
    - React-callinvoker (= 0.71.33)
    - React-Core (= 0.71.33)
    - React-cxxreact (= 0.71.33)
    - React-jsi (= 0.71.33)
    - React-logger (= 0.71.33)
    - React-perflogger (= 0.71.33)
  - RNReanimated (3.5.0-nightly-20230822-8ef27c219):
    - DoubleConversion
    - FBLazyVector
    - glog
    - RCT-Folly
    - RCTRequired
    - RCTTypeSafety
    - React-callinvoker
    - React-Core
    - React-Core/DevSupport
    - React-Core/RCTWebSocket
    - React-CoreModules
    - React-cxxreact
    - React-jsi
    - React-jsiexecutor
    - React-jsinspector
    - React-RCTActionSheet
    - React-RCTAnimation
    - React-RCTAppDelegate
    - React-RCTBlob
    - React-RCTImage
    - React-RCTLinking
    - React-RCTNetwork
    - React-RCTSettings
    - React-RCTText
    - ReactCommon/turbomodule/core
    - Yoga
  - RNSVG (13.14.0):
    - React-Core
  - SocketRocket (0.7.0)
  - Yoga (1.14.0)

DEPENDENCIES:
  - boost (from `../node_modules/react-native-macos/third-party-podspecs/boost.podspec`)
  - DoubleConversion (from `../node_modules/react-native-macos/third-party-podspecs/DoubleConversion.podspec`)
  - FBLazyVector (from `../node_modules/react-native-macos/Libraries/FBLazyVector`)
  - FBReactNativeSpec (from `../node_modules/react-native-macos/React/FBReactNativeSpec`)
  - glog (from `../node_modules/react-native-macos/third-party-podspecs/glog.podspec`)
  - RCT-Folly (from `../node_modules/react-native-macos/third-party-podspecs/RCT-Folly.podspec`)
  - RCTRequired (from `../node_modules/react-native-macos/Libraries/RCTRequired`)
  - RCTTypeSafety (from `../node_modules/react-native-macos/Libraries/TypeSafety`)
  - React (from `../node_modules/react-native-macos/`)
  - React-callinvoker (from `../node_modules/react-native-macos/ReactCommon/callinvoker`)
  - React-Codegen (from `build/generated/ios`)
  - React-Core (from `../node_modules/react-native-macos/`)
  - React-Core/RCTWebSocket (from `../node_modules/react-native-macos/`)
  - React-CoreModules (from `../node_modules/react-native-macos/React/CoreModules`)
  - React-cxxreact (from `../node_modules/react-native-macos/ReactCommon/cxxreact`)
  - React-jsc (from `../node_modules/react-native-macos/ReactCommon/jsc`)
  - React-jsi (from `../node_modules/react-native-macos/ReactCommon/jsi`)
  - React-jsiexecutor (from `../node_modules/react-native-macos/ReactCommon/jsiexecutor`)
  - React-jsinspector (from `../node_modules/react-native-macos/ReactCommon/jsinspector`)
  - React-logger (from `../node_modules/react-native-macos/ReactCommon/logger`)
  - React-perflogger (from `../node_modules/react-native-macos/ReactCommon/reactperflogger`)
  - React-RCTActionSheet (from `../node_modules/react-native-macos/Libraries/ActionSheetIOS`)
  - React-RCTAnimation (from `../node_modules/react-native-macos/Libraries/NativeAnimation`)
  - React-RCTAppDelegate (from `../node_modules/react-native-macos/Libraries/AppDelegate`)
  - React-RCTBlob (from `../node_modules/react-native-macos/Libraries/Blob`)
  - React-RCTImage (from `../node_modules/react-native-macos/Libraries/Image`)
  - React-RCTLinking (from `../node_modules/react-native-macos/Libraries/LinkingIOS`)
  - React-RCTNetwork (from `../node_modules/react-native-macos/Libraries/Network`)
  - React-RCTSettings (from `../node_modules/react-native-macos/Libraries/Settings`)
  - React-RCTText (from `../node_modules/react-native-macos/Libraries/Text`)
  - React-RCTVibration (from `../node_modules/react-native-macos/Libraries/Vibration`)
  - React-runtimeexecutor (from `../node_modules/react-native-macos/ReactCommon/runtimeexecutor`)
  - ReactCommon/turbomodule/core (from `../node_modules/react-native-macos/ReactCommon`)
  - RNReanimated (from `../node_modules/react-native-reanimated`)
  - RNSVG (from `../node_modules/react-native-svg`)
  - Yoga (from `../node_modules/react-native-macos/ReactCommon/yoga`)

SPEC REPOS:
  trunk:
    - fmt
    - SocketRocket

EXTERNAL SOURCES:
  boost:
    :podspec: "../node_modules/react-native-macos/third-party-podspecs/boost.podspec"
  DoubleConversion:
    :podspec: "../node_modules/react-native-macos/third-party-podspecs/DoubleConversion.podspec"
  FBLazyVector:
    :path: "../node_modules/react-native-macos/Libraries/FBLazyVector"
  FBReactNativeSpec:
    :path: "../node_modules/react-native-macos/React/FBReactNativeSpec"
  glog:
    :podspec: "../node_modules/react-native-macos/third-party-podspecs/glog.podspec"
  RCT-Folly:
    :podspec: "../node_modules/react-native-macos/third-party-podspecs/RCT-Folly.podspec"
  RCTRequired:
    :path: "../node_modules/react-native-macos/Libraries/RCTRequired"
  RCTTypeSafety:
    :path: "../node_modules/react-native-macos/Libraries/TypeSafety"
  React:
    :path: "../node_modules/react-native-macos/"
  React-callinvoker:
    :path: "../node_modules/react-native-macos/ReactCommon/callinvoker"
  React-Codegen:
    :path: build/generated/ios
  React-Core:
    :path: "../node_modules/react-native-macos/"
  React-CoreModules:
    :path: "../node_modules/react-native-macos/React/CoreModules"
  React-cxxreact:
    :path: "../node_modules/react-native-macos/ReactCommon/cxxreact"
  React-jsc:
    :path: "../node_modules/react-native-macos/ReactCommon/jsc"
  React-jsi:
    :path: "../node_modules/react-native-macos/ReactCommon/jsi"
  React-jsiexecutor:
    :path: "../node_modules/react-native-macos/ReactCommon/jsiexecutor"
  React-jsinspector:
    :path: "../node_modules/react-native-macos/ReactCommon/jsinspector"
  React-logger:
    :path: "../node_modules/react-native-macos/ReactCommon/logger"
  React-perflogger:
    :path: "../node_modules/react-native-macos/ReactCommon/reactperflogger"
  React-RCTActionSheet:
    :path: "../node_modules/react-native-macos/Libraries/ActionSheetIOS"
  React-RCTAnimation:
    :path: "../node_modules/react-native-macos/Libraries/NativeAnimation"
  React-RCTAppDelegate:
    :path: "../node_modules/react-native-macos/Libraries/AppDelegate"
  React-RCTBlob:
    :path: "../node_modules/react-native-macos/Libraries/Blob"
  React-RCTImage:
    :path: "../node_modules/react-native-macos/Libraries/Image"
  React-RCTLinking:
    :path: "../node_modules/react-native-macos/Libraries/LinkingIOS"
  React-RCTNetwork:
    :path: "../node_modules/react-native-macos/Libraries/Network"
  React-RCTSettings:
    :path: "../node_modules/react-native-macos/Libraries/Settings"
  React-RCTText:
    :path: "../node_modules/react-native-macos/Libraries/Text"
  React-RCTVibration:
    :path: "../node_modules/react-native-macos/Libraries/Vibration"
  React-runtimeexecutor:
    :path: "../node_modules/react-native-macos/ReactCommon/runtimeexecutor"
  ReactCommon:
    :path: "../node_modules/react-native-macos/ReactCommon"
  RNReanimated:
    :path: "../node_modules/react-native-reanimated"
  RNSVG:
    :path: "../node_modules/react-native-svg"
  Yoga:
    :path: "../node_modules/react-native-macos/ReactCommon/yoga"

SPEC CHECKSUMS:
  boost: 8fa3cd00fa17ef6c3221e5fd283fa93e81d23017
  DoubleConversion: acaf5db79676d2e9119015819153f0f99191de12
  FBLazyVector: 732e9894455ba874b5a579460b785a698471abc3
  FBReactNativeSpec: c28894aa8c1224fdf9fa57c973684631dd10bd12
  fmt: ff9d55029c625d3757ed641535fd4a75fedc7ce9
  glog: 6df0a3d6e2750a50609471fd1a01fd2948d405b5
  RCT-Folly: bf7b4921a91932051ebf1c5c2d297154b1fa3c8c
  RCTRequired: b924a3818bef3872776fc35568607e9fd1a7ccef
  RCTTypeSafety: 34f12e6931e6ecff0d49578c88516574dd75c5fb
  React: 72acb808d5ea012c54c0d8f3d9e0177a5164ce44
  React-callinvoker: 7f44c6485e733f907d8adccb8ea7bfd8c661ad73
  React-Codegen: 0b2114160ce592070f115f5fbff2747d76d0ae8e
  React-Core: 675a479fdc03725925e1a7f9e5a3bf0548cb24c2
  React-CoreModules: 87b348ba58c041b57f45f9f5535fd0436479cb28
  React-cxxreact: 6f1f6ff3172ce0c542b4c32e399773f1643873e8
  React-jsc: a4b9eebe6ab71197b505b20f17c03b2552cd66b3
  React-jsi: d2cd70166fa1d42d1854a6fea0759968d4efe262
  React-jsiexecutor: 9d1f2ab1d5bce258038eb202728210cab73581af
  React-jsinspector: b482ed08c8233d528c5917e1a916827e2357ab24
  React-logger: 9cca25c5cbc2bdc03dd79010992d17cbac337139
  React-perflogger: b2d0d3a34cb21df25dfdef7331c8eace64ebbac4
  React-RCTActionSheet: e2852db033ff9909d9e31f78a16a8b1a0d72b0b3
  React-RCTAnimation: af9d4eba93cbb7bf6b2b70ff30f4dde1ae47a4a6
  React-RCTAppDelegate: 1ed88f20871b6a095159a7f23ee6ba1376bc96e7
  React-RCTBlob: 00d5f9a111ab8d31c5030975feb9b4cd82dfcf16
  React-RCTImage: ee42851404992d7a14086ef0daa2a30238d5e175
  React-RCTLinking: 424dafdd86a0de70210f2bdae72ebe8dcf697493
  React-RCTNetwork: 9d5462fd172015c6b3fbc9d2dd93a8bc9a2ee5c7
  React-RCTSettings: f7dc22a18afb78123c2191bedb3200da9f2bb8ca
  React-RCTText: f820084f73880a29393620119d365761c681aef3
  React-RCTVibration: dae031977d6a1ce3b89f0fbea95a5dd70024685d
  React-runtimeexecutor: d475f7a753d3aff4c72c146e064cc174e593910e
  ReactCommon: 79e0b0a3d0baa6d7512c06c8d88ad3c6d8b64339
  RNReanimated: dfc6512ed1a033b54d89a38c8121946709ade0fd
  RNSVG: d00c8f91c3cbf6d476451313a18f04d220d4f396
  SocketRocket: abac6f5de4d4d62d24e11868d7a2f427e0ef940d
  Yoga: 2b1bd30acc9239a612feef50886ca9bd8b313abc

PODFILE CHECKSUM: 7ca6c640e923247f6b904914ff9f85e615d70b1a

COCOAPODS: 1.11.3
