<?xml version="1.0" encoding="utf-8"?>
<Project ToolsVersion="4.0" xmlns="http://schemas.microsoft.com/developer/msbuild/2003">
  <ItemGroup>
    <Midl Include="ReactPackageProvider.idl" />
    <Midl Include="SvgViewManager.idl">
      <Filter>ViewManagers</Filter>
    </Midl>
    <Midl Include="SvgView.idl">
      <Filter>Views</Filter>
    </Midl>
    <Midl Include="RenderableView.idl">
      <Filter>Views</Filter>
    </Midl>
    <Midl Include="RenderableViewManager.idl">
      <Filter>ViewManagers</Filter>
    </Midl>
  </ItemGroup>
  <ItemGroup>
    <ClCompile Include="pch.cpp" />
    <ClCompile Include="$(GeneratedFilesDir)module.g.cpp" />
    <ClCompile Include="ReactPackageProvider.cpp" />
    <ClCompile Include="RectView.cpp">
      <Filter>Views</Filter>
    </ClCompile>
    <ClCompile Include="SVGLength.cpp">
      <Filter>Utils</Filter>
    </ClCompile>
    <ClCompile Include="RectViewManager.cpp">
      <Filter>ViewManagers</Filter>
    </ClCompile>
    <ClCompile Include="GroupViewManager.cpp">
      <Filter>ViewManagers</Filter>
    </ClCompile>
    <ClCompile Include="PathViewManager.cpp">
      <Filter>ViewManagers</Filter>
    </ClCompile>
    <ClCompile Include="PathView.cpp">
      <Filter>Views</Filter>
    </ClCompile>
    <ClCompile Include="GroupView.cpp">
      <Filter>Views\GroupViews</Filter>
    </ClCompile>
    <ClCompile Include="TextView.cpp">
      <Filter>Views\GroupViews</Filter>
    </ClCompile>
    <ClCompile Include="TextViewManager.cpp">
      <Filter>ViewManagers</Filter>
    </ClCompile>
    <ClCompile Include="TSpanView.cpp">
      <Filter>Views\GroupViews</Filter>
    </ClCompile>
    <ClCompile Include="TSpanViewManager.cpp">
      <Filter>ViewManagers</Filter>
    </ClCompile>
    <ClCompile Include="CircleView.cpp">
      <Filter>Views</Filter>
    </ClCompile>
    <ClCompile Include="CircleViewManager.cpp">
      <Filter>ViewManagers</Filter>
    </ClCompile>
    <ClCompile Include="EllipseViewManager.cpp">
      <Filter>ViewManagers</Filter>
    </ClCompile>
    <ClCompile Include="EllipseView.cpp">
      <Filter>Views</Filter>
    </ClCompile>
  </ItemGroup>
  <ItemGroup>
    <ClInclude Include="pch.h" />
    <ClInclude Include="ReactPackageProvider.h" />
    <ClInclude Include="RNSVGModule.h" />
    <ClInclude Include="RectView.h">
      <Filter>Views</Filter>
    </ClInclude>
    <ClInclude Include="Utils.h">
      <Filter>Utils</Filter>
    </ClInclude>
    <ClInclude Include="SVGLength.h">
      <Filter>Utils</Filter>
    </ClInclude>
    <ClInclude Include="RectViewManager.h">
      <Filter>ViewManagers</Filter>
    </ClInclude>
    <ClInclude Include="GroupViewManager.h">
      <Filter>ViewManagers</Filter>
    </ClInclude>
    <ClInclude Include="PathViewManager.h">
      <Filter>ViewManagers</Filter>
    </ClInclude>
    <ClInclude Include="PathView.h">
      <Filter>Views</Filter>
    </ClInclude>
    <ClInclude Include="GroupView.h">
      <Filter>Views\GroupViews</Filter>
    </ClInclude>
    <ClInclude Include="TextView.h">
      <Filter>Views\GroupViews</Filter>
    </ClInclude>
    <ClInclude Include="TextViewManager.h">
      <Filter>ViewManagers</Filter>
    </ClInclude>
    <ClInclude Include="TSpanView.h">
      <Filter>Views\GroupViews</Filter>
    </ClInclude>
    <ClInclude Include="TSpanViewManager.h">
      <Filter>ViewManagers</Filter>
    </ClInclude>
    <ClInclude Include="CircleView.h">
      <Filter>Views</Filter>
    </ClInclude>
    <ClInclude Include="CircleViewManager.h">
      <Filter>ViewManagers</Filter>
    </ClInclude>
    <ClInclude Include="EllipseViewManager.h">
      <Filter>ViewManagers</Filter>
    </ClInclude>
    <ClInclude Include="EllipseView.h">
      <Filter>Views</Filter>
    </ClInclude>
  </ItemGroup>
  <ItemGroup>
    <None Include="PropertySheet.props" />
    <None Include="packages.config" />
  </ItemGroup>
  <ItemGroup>
    <Filter Include="Views">
      <UniqueIdentifier>{e902587e-fe1d-4643-875b-d58996b40d98}</UniqueIdentifier>
    </Filter>
    <Filter Include="ViewManagers">
      <UniqueIdentifier>{cb3ce7b2-9fdf-4578-8e0d-4d6853b727bc}</UniqueIdentifier>
    </Filter>
    <Filter Include="Utils">
      <UniqueIdentifier>{8a4e0664-0d52-46ca-b476-a1ad90239a09}</UniqueIdentifier>
    </Filter>
    <Filter Include="Views\GroupViews">
      <UniqueIdentifier>{96f26034-8559-4794-a806-4ecac541e02b}</UniqueIdentifier>
    </Filter>
  </ItemGroup>
</Project>